
Microsoft Visual Studio Solution File, Format Version 12.00
# Visual Studio Version 16
VisualStudioVersion = 16.0.28917.181
MinimumVisualStudioVersion = 10.0.40219.1
Project("{FAE04EC0-301F-11D3-BF4B-00C04F79EFBC}") = "Email Application", "Email Application.csproj", "{45DE3DE3-39BA-4AE0-8ABB-FBCF76C2A3D0}"
EndProject
Global
	GlobalSection(SolutionConfigurationPlatforms) = preSolution
		Debug|Any CPU = Debug|Any CPU
		Release|Any CPU = Release|Any CPU
	EndGlobalSection
	GlobalSection(ProjectConfigurationPlatforms) = postSolution
		{45DE3DE3-39BA-4AE0-8ABB-FBCF76C2A3D0}.Debug|Any CPU.ActiveCfg = Debug|Any CPU
		{45DE3DE3-39BA-4AE0-8ABB-FBCF76C2A3D0}.Debug|Any CPU.Build.0 = Debug|Any CPU
		{45DE3DE3-39BA-4AE0-8ABB-FBCF76C2A3D0}.Release|Any CPU.ActiveCfg = Release|Any CPU
		{45DE3DE3-39BA-4AE0-8ABB-FBCF76C2A3D0}.Release|Any CPU.Build.0 = Release|Any CPU
	EndGlobalSection
	GlobalSection(SolutionProperties) = preSolution
		HideSolutionNode = FALSE
	EndGlobalSection
	GlobalSection(ExtensibilityGlobals) = postSolution
		SolutionGuid = {B904CE54-A053-452D-A7E5-73497660744F}
	EndGlobalSection
EndGlobal
